// !$*UTF8*$!
{
	archiveVersion = 1;
	classes = {
	};
	objectVersion = 50;
	objects = {

/* Begin PBXBuildFile section */
		A9C3672623E9E00D00F92389 /* AppDelegate.swift in Sources */ = {isa = PBXBuildFile; fileRef = A9C3672523E9E00D00F92389 /* AppDelegate.swift */; };
		A9C3672823E9E00D00F92389 /* SceneDelegate.swift in Sources */ = {isa = PBXBuildFile; fileRef = A9C3672723E9E00D00F92389 /* SceneDelegate.swift */; };
		A9C3672D23E9E00D00F92389 /* Main.storyboard in Resources */ = {isa = PBXBuildFile; fileRef = A9C3672B23E9E00D00F92389 /* Main.storyboard */; };
		A9C3672F23E9E00E00F92389 /* Assets.xcassets in Resources */ = {isa = PBXBuildFile; fileRef = A9C3672E23E9E00E00F92389 /* Assets.xcassets */; };
		A9C3673223E9E00E00F92389 /* LaunchScreen.storyboard in Resources */ = {isa = PBXBuildFile; fileRef = A9C3673023E9E00E00F92389 /* LaunchScreen.storyboard */; };
		A9C3674223E9E66800F92389 /* CloudKit.framework in Frameworks */ = {isa = PBXBuildFile; fileRef = A9C3674123E9E66800F92389 /* CloudKit.framework */; };
		A9C3674423E9E6BE00F92389 /* Hype.swift in Sources */ = {isa = PBXBuildFile; fileRef = A9C3674323E9E6BE00F92389 /* Hype.swift */; };
		A9C3674623E9EEA200F92389 /* HypeController.swift in Sources */ = {isa = PBXBuildFile; fileRef = A9C3674523E9EEA200F92389 /* HypeController.swift */; };
		A9C3674923E9F00400F92389 /* HypeError.swift in Sources */ = {isa = PBXBuildFile; fileRef = A9C3674823E9F00400F92389 /* HypeError.swift */; };
		A9C3674B23E9F92000F92389 /* HypeListViewController.swift in Sources */ = {isa = PBXBuildFile; fileRef = A9C3674A23E9F92000F92389 /* HypeListViewController.swift */; };
		A9C3676D23EA0D5900F92389 /* DateExtension.swift in Sources */ = {isa = PBXBuildFile; fileRef = A9C3676C23EA0D5900F92389 /* DateExtension.swift */; };
/* End PBXBuildFile section */

/* Begin PBXFileReference section */
		A9C3672223E9E00D00F92389 /* HypeCloudKit.app */ = {isa = PBXFileReference; explicitFileType = wrapper.application; includeInIndex = 0; path = HypeCloudKit.app; sourceTree = BUILT_PRODUCTS_DIR; };
		A9C3672523E9E00D00F92389 /* AppDelegate.swift */ = {isa = PBXFileReference; lastKnownFileType = sourcecode.swift; path = AppDelegate.swift; sourceTree = "<group>"; };
		A9C3672723E9E00D00F92389 /* SceneDelegate.swift */ = {isa = PBXFileReference; lastKnownFileType = sourcecode.swift; path = SceneDelegate.swift; sourceTree = "<group>"; };
		A9C3672C23E9E00D00F92389 /* Base */ = {isa = PBXFileReference; lastKnownFileType = file.storyboard; name = Base; path = Base.lproj/Main.storyboard; sourceTree = "<group>"; };
		A9C3672E23E9E00E00F92389 /* Assets.xcassets */ = {isa = PBXFileReference; lastKnownFileType = folder.assetcatalog; path = Assets.xcassets; sourceTree = "<group>"; };
		A9C3673123E9E00E00F92389 /* Base */ = {isa = PBXFileReference; lastKnownFileType = file.storyboard; name = Base; path = Base.lproj/LaunchScreen.storyboard; sourceTree = "<group>"; };
		A9C3673323E9E00E00F92389 /* Info.plist */ = {isa = PBXFileReference; lastKnownFileType = text.plist.xml; path = Info.plist; sourceTree = "<group>"; };
		A9C3673F23E9E64D00F92389 /* HypeCloudKit.entitlements */ = {isa = PBXFileReference; lastKnownFileType = text.plist.entitlements; path = HypeCloudKit.entitlements; sourceTree = "<group>"; };
		A9C3674123E9E66800F92389 /* CloudKit.framework */ = {isa = PBXFileReference; lastKnownFileType = wrapper.framework; name = CloudKit.framework; path = System/Library/Frameworks/CloudKit.framework; sourceTree = SDKROOT; };
		A9C3674323E9E6BE00F92389 /* Hype.swift */ = {isa = PBXFileReference; lastKnownFileType = sourcecode.swift; path = Hype.swift; sourceTree = "<group>"; };
		A9C3674523E9EEA200F92389 /* HypeController.swift */ = {isa = PBXFileReference; lastKnownFileType = sourcecode.swift; path = HypeController.swift; sourceTree = "<group>"; };
		A9C3674823E9F00400F92389 /* HypeError.swift */ = {isa = PBXFileReference; lastKnownFileType = sourcecode.swift; path = HypeError.swift; sourceTree = "<group>"; };
		A9C3674A23E9F92000F92389 /* HypeListViewController.swift */ = {isa = PBXFileReference; lastKnownFileType = sourcecode.swift; path = HypeListViewController.swift; sourceTree = "<group>"; };
		A9C3676C23EA0D5900F92389 /* DateExtension.swift */ = {isa = PBXFileReference; lastKnownFileType = sourcecode.swift; path = DateExtension.swift; sourceTree = "<group>"; };
/* End PBXFileReference section */

/* Begin PBXFrameworksBuildPhase section */
		A9C3671F23E9E00D00F92389 /* Frameworks */ = {
			isa = PBXFrameworksBuildPhase;
			buildActionMask = 2147483647;
			files = (
				A9C3674223E9E66800F92389 /* CloudKit.framework in Frameworks */,
			);
			runOnlyForDeploymentPostprocessing = 0;
		};
/* End PBXFrameworksBuildPhase section */

/* Begin PBXGroup section */
		A9C3671923E9E00D00F92389 = {
			isa = PBXGroup;
			children = (
				A9C3672423E9E00D00F92389 /* HypeCloudKit */,
				A9C3672323E9E00D00F92389 /* Products */,
				A9C3674023E9E66800F92389 /* Frameworks */,
			);
			sourceTree = "<group>";
		};
		A9C3672323E9E00D00F92389 /* Products */ = {
			isa = PBXGroup;
			children = (
				A9C3672223E9E00D00F92389 /* HypeCloudKit.app */,
			);
			name = Products;
			sourceTree = "<group>";
		};
		A9C3672423E9E00D00F92389 /* HypeCloudKit */ = {
			isa = PBXGroup;
			children = (
				A9C3673F23E9E64D00F92389 /* HypeCloudKit.entitlements */,
				A9C3673A23E9E3C100F92389 /* Views */,
				A9C3673B23E9E3C800F92389 /* Controllers */,
				A9C3673C23E9E3D000F92389 /* Models */,
				A9C3674723E9EFE000F92389 /* Helpers+Extensions */,
				A9C3673923E9E39C00F92389 /* Resources */,
			);
			path = HypeCloudKit;
			sourceTree = "<group>";
		};
		A9C3673923E9E39C00F92389 /* Resources */ = {
			isa = PBXGroup;
			children = (
				A9C3672523E9E00D00F92389 /* AppDelegate.swift */,
				A9C3672723E9E00D00F92389 /* SceneDelegate.swift */,
				A9C3672E23E9E00E00F92389 /* Assets.xcassets */,
				A9C3673023E9E00E00F92389 /* LaunchScreen.storyboard */,
				A9C3673323E9E00E00F92389 /* Info.plist */,
			);
			path = Resources;
			sourceTree = "<group>";
		};
		A9C3673A23E9E3C100F92389 /* Views */ = {
			isa = PBXGroup;
			children = (
				A9C3672B23E9E00D00F92389 /* Main.storyboard */,
			);
			path = Views;
			sourceTree = "<group>";
		};
		A9C3673B23E9E3C800F92389 /* Controllers */ = {
			isa = PBXGroup;
			children = (
				A9C3673E23E9E3E800F92389 /* View Controllers */,
				A9C3673D23E9E3E200F92389 /* Model Controller */,
			);
			path = Controllers;
			sourceTree = "<group>";
		};
		A9C3673C23E9E3D000F92389 /* Models */ = {
			isa = PBXGroup;
			children = (
				A9C3674323E9E6BE00F92389 /* Hype.swift */,
			);
			path = Models;
			sourceTree = "<group>";
		};
		A9C3673D23E9E3E200F92389 /* Model Controller */ = {
			isa = PBXGroup;
			children = (
				A9C3674523E9EEA200F92389 /* HypeController.swift */,
			);
			path = "Model Controller";
			sourceTree = "<group>";
		};
		A9C3673E23E9E3E800F92389 /* View Controllers */ = {
			isa = PBXGroup;
			children = (
				A9C3674A23E9F92000F92389 /* HypeListViewController.swift */,
			);
			path = "View Controllers";
			sourceTree = "<group>";
		};
		A9C3674023E9E66800F92389 /* Frameworks */ = {
			isa = PBXGroup;
			children = (
				A9C3674123E9E66800F92389 /* CloudKit.framework */,
			);
			name = Frameworks;
			sourceTree = "<group>";
		};
		A9C3674723E9EFE000F92389 /* Helpers+Extensions */ = {
			isa = PBXGroup;
			children = (
				A9C3674823E9F00400F92389 /* HypeError.swift */,
				A9C3676C23EA0D5900F92389 /* DateExtension.swift */,
			);
			path = "Helpers+Extensions";
			sourceTree = "<group>";
		};
/* End PBXGroup section */

/* Begin PBXNativeTarget section */
		A9C3672123E9E00D00F92389 /* HypeCloudKit */ = {
			isa = PBXNativeTarget;
			buildConfigurationList = A9C3673623E9E00E00F92389 /* Build configuration list for PBXNativeTarget "HypeCloudKit" */;
			buildPhases = (
				A9C3671E23E9E00D00F92389 /* Sources */,
				A9C3671F23E9E00D00F92389 /* Frameworks */,
				A9C3672023E9E00D00F92389 /* Resources */,
			);
			buildRules = (
			);
			dependencies = (
			);
			name = HypeCloudKit;
			productName = HypeCloudKit;
			productReference = A9C3672223E9E00D00F92389 /* HypeCloudKit.app */;
			productType = "com.apple.product-type.application";
		};
/* End PBXNativeTarget section */

/* Begin PBXProject section */
		A9C3671A23E9E00D00F92389 /* Project object */ = {
			isa = PBXProject;
			attributes = {
				LastSwiftUpdateCheck = 1130;
				LastUpgradeCheck = 1130;
				ORGANIZATIONNAME = "Jacob LeCheminant";
				TargetAttributes = {
					A9C3672123E9E00D00F92389 = {
						CreatedOnToolsVersion = 11.3.1;
					};
				};
			};
			buildConfigurationList = A9C3671D23E9E00D00F92389 /* Build configuration list for PBXProject "HypeCloudKit" */;
			compatibilityVersion = "Xcode 9.3";
			developmentRegion = en;
			hasScannedForEncodings = 0;
			knownRegions = (
				en,
				Base,
			);
			mainGroup = A9C3671923E9E00D00F92389;
			productRefGroup = A9C3672323E9E00D00F92389 /* Products */;
			projectDirPath = "";
			projectRoot = "";
			targets = (
				A9C3672123E9E00D00F92389 /* HypeCloudKit */,
			);
		};
/* End PBXProject section */

/* Begin PBXResourcesBuildPhase section */
		A9C3672023E9E00D00F92389 /* Resources */ = {
			isa = PBXResourcesBuildPhase;
			buildActionMask = 2147483647;
			files = (
				A9C3673223E9E00E00F92389 /* LaunchScreen.storyboard in Resources */,
				A9C3672F23E9E00E00F92389 /* Assets.xcassets in Resources */,
				A9C3672D23E9E00D00F92389 /* Main.storyboard in Resources */,
			);
			runOnlyForDeploymentPostprocessing = 0;
		};
/* End PBXResourcesBuildPhase section */

/* Begin PBXSourcesBuildPhase section */
		A9C3671E23E9E00D00F92389 /* Sources */ = {
			isa = PBXSourcesBuildPhase;
			buildActionMask = 2147483647;
			files = (
				A9C3674923E9F00400F92389 /* HypeError.swift in Sources */,
				A9C3676D23EA0D5900F92389 /* DateExtension.swift in Sources */,
				A9C3672623E9E00D00F92389 /* AppDelegate.swift in Sources */,
				A9C3674B23E9F92000F92389 /* HypeListViewController.swift in Sources */,
				A9C3674623E9EEA200F92389 /* HypeController.swift in Sources */,
				A9C3672823E9E00D00F92389 /* SceneDelegate.swift in Sources */,
				A9C3674423E9E6BE00F92389 /* Hype.swift in Sources */,
			);
			runOnlyForDeploymentPostprocessing = 0;
		};
/* End PBXSourcesBuildPhase section */

/* Begin PBXVariantGroup section */
		A9C3672B23E9E00D00F92389 /* Main.storyboard */ = {
			isa = PBXVariantGroup;
			children = (
				A9C3672C23E9E00D00F92389 /* Base */,
			);
			name = Main.storyboard;
			sourceTree = "<group>";
		};
		A9C3673023E9E00E00F92389 /* LaunchScreen.storyboard */ = {
			isa = PBXVariantGroup;
			children = (
				A9C3673123E9E00E00F92389 /* Base */,
			);
			name = LaunchScreen.storyboard;
			sourceTree = "<group>";
		};
/* End PBXVariantGroup section */

/* Begin XCBuildConfiguration section */
		A9C3673423E9E00E00F92389 /* Debug */ = {
			isa = XCBuildConfiguration;
			buildSettings = {
				ALWAYS_SEARCH_USER_PATHS = NO;
				CLANG_ANALYZER_NONNULL = YES;
				CLANG_ANALYZER_NUMBER_OBJECT_CONVERSION = YES_AGGRESSIVE;
				CLANG_CXX_LANGUAGE_STANDARD = "gnu++14";
				CLANG_CXX_LIBRARY = "libc++";
				CLANG_ENABLE_MODULES = YES;
				CLANG_ENABLE_OBJC_ARC = YES;
				CLANG_ENABLE_OBJC_WEAK = YES;
				CLANG_WARN_BLOCK_CAPTURE_AUTORELEASING = YES;
				CLANG_WARN_BOOL_CONVERSION = YES;
				CLANG_WARN_COMMA = YES;
				CLANG_WARN_CONSTANT_CONVERSION = YES;
				CLANG_WARN_DEPRECATED_OBJC_IMPLEMENTATIONS = YES;
				CLANG_WARN_DIRECT_OBJC_ISA_USAGE = YES_ERROR;
				CLANG_WARN_DOCUMENTATION_COMMENTS = YES;
				CLANG_WARN_EMPTY_BODY = YES;
				CLANG_WARN_ENUM_CONVERSION = YES;
				CLANG_WARN_INFINITE_RECURSION = YES;
				CLANG_WARN_INT_CONVERSION = YES;
				CLANG_WARN_NON_LITERAL_NULL_CONVERSION = YES;
				CLANG_WARN_OBJC_IMPLICIT_RETAIN_SELF = YES;
				CLANG_WARN_OBJC_LITERAL_CONVERSION = YES;
				CLANG_WARN_OBJC_ROOT_CLASS = YES_ERROR;
				CLANG_WARN_RANGE_LOOP_ANALYSIS = YES;
				CLANG_WARN_STRICT_PROTOTYPES = YES;
				CLANG_WARN_SUSPICIOUS_MOVE = YES;
				CLANG_WARN_UNGUARDED_AVAILABILITY = YES_AGGRESSIVE;
				CLANG_WARN_UNREACHABLE_CODE = YES;
				CLANG_WARN__DUPLICATE_METHOD_MATCH = YES;
				COPY_PHASE_STRIP = NO;
				DEBUG_INFORMATION_FORMAT = dwarf;
				ENABLE_STRICT_OBJC_MSGSEND = YES;
				ENABLE_TESTABILITY = YES;
				GCC_C_LANGUAGE_STANDARD = gnu11;
				GCC_DYNAMIC_NO_PIC = NO;
				GCC_NO_COMMON_BLOCKS = YES;
				GCC_OPTIMIZATION_LEVEL = 0;
				GCC_PREPROCESSOR_DEFINITIONS = (
					"DEBUG=1",
					"$(inherited)",
				);
				GCC_WARN_64_TO_32_BIT_CONVERSION = YES;
				GCC_WARN_ABOUT_RETURN_TYPE = YES_ERROR;
				GCC_WARN_UNDECLARED_SELECTOR = YES;
				GCC_WARN_UNINITIALIZED_AUTOS = YES_AGGRESSIVE;
				GCC_WARN_UNUSED_FUNCTION = YES;
				GCC_WARN_UNUSED_VARIABLE = YES;
				IPHONEOS_DEPLOYMENT_TARGET = 13.2;
				MTL_ENABLE_DEBUG_INFO = INCLUDE_SOURCE;
				MTL_FAST_MATH = YES;
				ONLY_ACTIVE_ARCH = YES;
				SDKROOT = iphoneos;
				SWIFT_ACTIVE_COMPILATION_CONDITIONS = DEBUG;
				SWIFT_OPTIMIZATION_LEVEL = "-Onone";
			};
			name = Debug;
		};
		A9C3673523E9E00E00F92389 /* Release */ = {
			isa = XCBuildConfiguration;
			buildSettings = {
				ALWAYS_SEARCH_USER_PATHS = NO;
				CLANG_ANALYZER_NONNULL = YES;
				CLANG_ANALYZER_NUMBER_OBJECT_CONVERSION = YES_AGGRESSIVE;
				CLANG_CXX_LANGUAGE_STANDARD = "gnu++14";
				CLANG_CXX_LIBRARY = "libc++";
				CLANG_ENABLE_MODULES = YES;
				CLANG_ENABLE_OBJC_ARC = YES;
				CLANG_ENABLE_OBJC_WEAK = YES;
				CLANG_WARN_BLOCK_CAPTURE_AUTORELEASING = YES;
				CLANG_WARN_BOOL_CONVERSION = YES;
				CLANG_WARN_COMMA = YES;
				CLANG_WARN_CONSTANT_CONVERSION = YES;
				CLANG_WARN_DEPRECATED_OBJC_IMPLEMENTATIONS = YES;
				CLANG_WARN_DIRECT_OBJC_ISA_USAGE = YES_ERROR;
				CLANG_WARN_DOCUMENTATION_COMMENTS = YES;
				CLANG_WARN_EMPTY_BODY = YES;
				CLANG_WARN_ENUM_CONVERSION = YES;
				CLANG_WARN_INFINITE_RECURSION = YES;
				CLANG_WARN_INT_CONVERSION = YES;
				CLANG_WARN_NON_LITERAL_NULL_CONVERSION = YES;
				CLANG_WARN_OBJC_IMPLICIT_RETAIN_SELF = YES;
				CLANG_WARN_OBJC_LITERAL_CONVERSION = YES;
				CLANG_WARN_OBJC_ROOT_CLASS = YES_ERROR;
				CLANG_WARN_RANGE_LOOP_ANALYSIS = YES;
				CLANG_WARN_STRICT_PROTOTYPES = YES;
				CLANG_WARN_SUSPICIOUS_MOVE = YES;
				CLANG_WARN_UNGUARDED_AVAILABILITY = YES_AGGRESSIVE;
				CLANG_WARN_UNREACHABLE_CODE = YES;
				CLANG_WARN__DUPLICATE_METHOD_MATCH = YES;
				COPY_PHASE_STRIP = NO;
				DEBUG_INFORMATION_FORMAT = "dwarf-with-dsym";
				ENABLE_NS_ASSERTIONS = NO;
				ENABLE_STRICT_OBJC_MSGSEND = YES;
				GCC_C_LANGUAGE_STANDARD = gnu11;
				GCC_NO_COMMON_BLOCKS = YES;
				GCC_WARN_64_TO_32_BIT_CONVERSION = YES;
				GCC_WARN_ABOUT_RETURN_TYPE = YES_ERROR;
				GCC_WARN_UNDECLARED_SELECTOR = YES;
				GCC_WARN_UNINITIALIZED_AUTOS = YES_AGGRESSIVE;
				GCC_WARN_UNUSED_FUNCTION = YES;
				GCC_WARN_UNUSED_VARIABLE = YES;
				IPHONEOS_DEPLOYMENT_TARGET = 13.2;
				MTL_ENABLE_DEBUG_INFO = NO;
				MTL_FAST_MATH = YES;
				SDKROOT = iphoneos;
				SWIFT_COMPILATION_MODE = wholemodule;
				SWIFT_OPTIMIZATION_LEVEL = "-O";
				VALIDATE_PRODUCT = YES;
			};
			name = Release;
		};
		A9C3673723E9E00E00F92389 /* Debug */ = {
			isa = XCBuildConfiguration;
			buildSettings = {
				ASSETCATALOG_COMPILER_APPICON_NAME = AppIcon;
				CODE_SIGN_ENTITLEMENTS = HypeCloudKit/HypeCloudKit.entitlements;
				CODE_SIGN_STYLE = Automatic;
				DEVELOPMENT_TEAM = M2R26CX5Y9;
				INFOPLIST_FILE = HypeCloudKit/Resources/Info.plist;
				LD_RUNPATH_SEARCH_PATHS = (
					"$(inherited)",
					"@executable_path/Frameworks",
				);
				PRODUCT_BUNDLE_IDENTIFIER = navajoelite.HypeCloudKit;
				PRODUCT_NAME = "$(TARGET_NAME)";
				SWIFT_VERSION = 5.0;
				TARGETED_DEVICE_FAMILY = "1,2";
			};
			name = Debug;
		};
		A9C3673823E9E00E00F92389 /* Release */ = {
			isa = XCBuildConfiguration;
			buildSettings = {
				ASSETCATALOG_COMPILER_APPICON_NAME = AppIcon;
				CODE_SIGN_ENTITLEMENTS = HypeCloudKit/HypeCloudKit.entitlements;
				CODE_SIGN_STYLE = Automatic;
				DEVELOPMENT_TEAM = M2R26CX5Y9;
				INFOPLIST_FILE = HypeCloudKit/Resources/Info.plist;
				LD_RUNPATH_SEARCH_PATHS = (
					"$(inherited)",
					"@executable_path/Frameworks",
				);
				PRODUCT_BUNDLE_IDENTIFIER = navajoelite.HypeCloudKit;
				PRODUCT_NAME = "$(TARGET_NAME)";
				SWIFT_VERSION = 5.0;
				TARGETED_DEVICE_FAMILY = "1,2";
			};
			name = Release;
		};
/* End XCBuildConfiguration section */

/* Begin XCConfigurationList section */
		A9C3671D23E9E00D00F92389 /* Build configuration list for PBXProject "HypeCloudKit" */ = {
			isa = XCConfigurationList;
			buildConfigurations = (
				A9C3673423E9E00E00F92389 /* Debug */,
				A9C3673523E9E00E00F92389 /* Release */,
			);
			defaultConfigurationIsVisible = 0;
			defaultConfigurationName = Release;
		};
		A9C3673623E9E00E00F92389 /* Build configuration list for PBXNativeTarget "HypeCloudKit" */ = {
			isa = XCConfigurationList;
			buildConfigurations = (
				A9C3673723E9E00E00F92389 /* Debug */,
				A9C3673823E9E00E00F92389 /* Release */,
			);
			defaultConfigurationIsVisible = 0;
			defaultConfigurationName = Release;
		};
/* End XCConfigurationList section */
	};
	rootObject = A9C3671A23E9E00D00F92389 /* Project object */;
}
